
Microsoft Visual Studio Solution File, Format Version 12.00
# Visual Studio 15
VisualStudioVersion = 15.0.28010.2036
MinimumVisualStudioVersion = 10.0.40219.1
Project("{FAE04EC0-301F-11D3-BF4B-00C04F79EFBC}") = "DziennikE", "DziennikE\DziennikE.csproj", "{07262103-B09E-4631-9897-AAFD5891921A}"
EndProject
Global
	GlobalSection(SolutionConfigurationPlatforms) = preSolution
		Debug|Any CPU = Debug|Any CPU
		Release|Any CPU = Release|Any CPU
	EndGlobalSection
	GlobalSection(ProjectConfigurationPlatforms) = postSolution
		{07262103-B09E-4631-9897-AAFD5891921A}.Debug|Any CPU.ActiveCfg = Debug|Any CPU
		{07262103-B09E-4631-9897-AAFD5891921A}.Debug|Any CPU.Build.0 = Debug|Any CPU
		{07262103-B09E-4631-9897-AAFD5891921A}.Release|Any CPU.ActiveCfg = Release|Any CPU
		{07262103-B09E-4631-9897-AAFD5891921A}.Release|Any CPU.Build.0 = Release|Any CPU
	EndGlobalSection
	GlobalSection(SolutionProperties) = preSolution
		HideSolutionNode = FALSE
	EndGlobalSection
	GlobalSection(ExtensibilityGlobals) = postSolution
		SolutionGuid = {7A39281D-5933-4B53-8D45-0D2A90159342}
	EndGlobalSection
EndGlobal
